// !$*UTF8*$!
{
	archiveVersion = 1;
	classes = {
	};
	objectVersion = 50;
	objects = {

/* Begin PBXBuildFile section */
		B4DFA16C23ABF6E00020ACD8 /* AppDelegate.swift in Sources */ = {isa = PBXBuildFile; fileRef = B4DFA16B23ABF6E00020ACD8 /* AppDelegate.swift */; };
		B4DFA16E23ABF6E00020ACD8 /* SceneDelegate.swift in Sources */ = {isa = PBXBuildFile; fileRef = B4DFA16D23ABF6E00020ACD8 /* SceneDelegate.swift */; };
		B4DFA17023ABF6E00020ACD8 /* ViewController.swift in Sources */ = {isa = PBXBuildFile; fileRef = B4DFA16F23ABF6E00020ACD8 /* ViewController.swift */; };
		B4DFA17323ABF6E00020ACD8 /* Main.storyboard in Resources */ = {isa = PBXBuildFile; fileRef = B4DFA17123ABF6E00020ACD8 /* Main.storyboard */; };
		B4DFA17523ABF6E70020ACD8 /* Assets.xcassets in Resources */ = {isa = PBXBuildFile; fileRef = B4DFA17423ABF6E70020ACD8 /* Assets.xcassets */; };
		B4DFA17823ABF6E70020ACD8 /* LaunchScreen.storyboard in Resources */ = {isa = PBXBuildFile; fileRef = B4DFA17623ABF6E70020ACD8 /* LaunchScreen.storyboard */; };
		B4DFA18323ABF6E70020ACD8 /* MyMapTests.swift in Sources */ = {isa = PBXBuildFile; fileRef = B4DFA18223ABF6E70020ACD8 /* MyMapTests.swift */; };
		B4DFA18E23ABF6E80020ACD8 /* MyMapUITests.swift in Sources */ = {isa = PBXBuildFile; fileRef = B4DFA18D23ABF6E80020ACD8 /* MyMapUITests.swift */; };
		B4DFA19D23ABF77B0020ACD8 /* MapKit.framework in Frameworks */ = {isa = PBXBuildFile; fileRef = B4DFA19C23ABF77B0020ACD8 /* MapKit.framework */; };
/* End PBXBuildFile section */

/* Begin PBXContainerItemProxy section */
		B4DFA17F23ABF6E70020ACD8 /* PBXContainerItemProxy */ = {
			isa = PBXContainerItemProxy;
			containerPortal = B4DFA16023ABF6E00020ACD8 /* Project object */;
			proxyType = 1;
			remoteGlobalIDString = B4DFA16723ABF6E00020ACD8;
			remoteInfo = MyMap;
		};
		B4DFA18A23ABF6E80020ACD8 /* PBXContainerItemProxy */ = {
			isa = PBXContainerItemProxy;
			containerPortal = B4DFA16023ABF6E00020ACD8 /* Project object */;
			proxyType = 1;
			remoteGlobalIDString = B4DFA16723ABF6E00020ACD8;
			remoteInfo = MyMap;
		};
/* End PBXContainerItemProxy section */

/* Begin PBXFileReference section */
		B4DFA16823ABF6E00020ACD8 /* MyMap.app */ = {isa = PBXFileReference; explicitFileType = wrapper.application; includeInIndex = 0; path = MyMap.app; sourceTree = BUILT_PRODUCTS_DIR; };
		B4DFA16B23ABF6E00020ACD8 /* AppDelegate.swift */ = {isa = PBXFileReference; lastKnownFileType = sourcecode.swift; path = AppDelegate.swift; sourceTree = "<group>"; };
		B4DFA16D23ABF6E00020ACD8 /* SceneDelegate.swift */ = {isa = PBXFileReference; lastKnownFileType = sourcecode.swift; path = SceneDelegate.swift; sourceTree = "<group>"; };
		B4DFA16F23ABF6E00020ACD8 /* ViewController.swift */ = {isa = PBXFileReference; lastKnownFileType = sourcecode.swift; path = ViewController.swift; sourceTree = "<group>"; };
		B4DFA17223ABF6E00020ACD8 /* Base */ = {isa = PBXFileReference; lastKnownFileType = file.storyboard; name = Base; path = Base.lproj/Main.storyboard; sourceTree = "<group>"; };
		B4DFA17423ABF6E70020ACD8 /* Assets.xcassets */ = {isa = PBXFileReference; lastKnownFileType = folder.assetcatalog; path = Assets.xcassets; sourceTree = "<group>"; };
		B4DFA17723ABF6E70020ACD8 /* Base */ = {isa = PBXFileReference; lastKnownFileType = file.storyboard; name = Base; path = Base.lproj/LaunchScreen.storyboard; sourceTree = "<group>"; };
		B4DFA17923ABF6E70020ACD8 /* Info.plist */ = {isa = PBXFileReference; lastKnownFileType = text.plist.xml; path = Info.plist; sourceTree = "<group>"; };
		B4DFA17E23ABF6E70020ACD8 /* MyMapTests.xctest */ = {isa = PBXFileReference; explicitFileType = wrapper.cfbundle; includeInIndex = 0; path = MyMapTests.xctest; sourceTree = BUILT_PRODUCTS_DIR; };
		B4DFA18223ABF6E70020ACD8 /* MyMapTests.swift */ = {isa = PBXFileReference; lastKnownFileType = sourcecode.swift; path = MyMapTests.swift; sourceTree = "<group>"; };
		B4DFA18423ABF6E70020ACD8 /* Info.plist */ = {isa = PBXFileReference; lastKnownFileType = text.plist.xml; path = Info.plist; sourceTree = "<group>"; };
		B4DFA18923ABF6E80020ACD8 /* MyMapUITests.xctest */ = {isa = PBXFileReference; explicitFileType = wrapper.cfbundle; includeInIndex = 0; path = MyMapUITests.xctest; sourceTree = BUILT_PRODUCTS_DIR; };
		B4DFA18D23ABF6E80020ACD8 /* MyMapUITests.swift */ = {isa = PBXFileReference; lastKnownFileType = sourcecode.swift; path = MyMapUITests.swift; sourceTree = "<group>"; };
		B4DFA18F23ABF6E80020ACD8 /* Info.plist */ = {isa = PBXFileReference; lastKnownFileType = text.plist.xml; path = Info.plist; sourceTree = "<group>"; };
		B4DFA19C23ABF77B0020ACD8 /* MapKit.framework */ = {isa = PBXFileReference; lastKnownFileType = wrapper.framework; name = MapKit.framework; path = System/Library/Frameworks/MapKit.framework; sourceTree = SDKROOT; };
/* End PBXFileReference section */

/* Begin PBXFrameworksBuildPhase section */
		B4DFA16523ABF6E00020ACD8 /* Frameworks */ = {
			isa = PBXFrameworksBuildPhase;
			buildActionMask = 2147483647;
			files = (
				B4DFA19D23ABF77B0020ACD8 /* MapKit.framework in Frameworks */,
			);
			runOnlyForDeploymentPostprocessing = 0;
		};
		B4DFA17B23ABF6E70020ACD8 /* Frameworks */ = {
			isa = PBXFrameworksBuildPhase;
			buildActionMask = 2147483647;
			files = (
			);
			runOnlyForDeploymentPostprocessing = 0;
		};
		B4DFA18623ABF6E70020ACD8 /* Frameworks */ = {
			isa = PBXFrameworksBuildPhase;
			buildActionMask = 2147483647;
			files = (
			);
			runOnlyForDeploymentPostprocessing = 0;
		};
/* End PBXFrameworksBuildPhase section */

/* Begin PBXGroup section */
		B4DFA15F23ABF6E00020ACD8 = {
			isa = PBXGroup;
			children = (
				B4DFA16A23ABF6E00020ACD8 /* MyMap */,
				B4DFA18123ABF6E70020ACD8 /* MyMapTests */,
				B4DFA18C23ABF6E80020ACD8 /* MyMapUITests */,
				B4DFA16923ABF6E00020ACD8 /* Products */,
				B4DFA19B23ABF77A0020ACD8 /* Frameworks */,
			);
			sourceTree = "<group>";
		};
		B4DFA16923ABF6E00020ACD8 /* Products */ = {
			isa = PBXGroup;
			children = (
				B4DFA16823ABF6E00020ACD8 /* MyMap.app */,
				B4DFA17E23ABF6E70020ACD8 /* MyMapTests.xctest */,
				B4DFA18923ABF6E80020ACD8 /* MyMapUITests.xctest */,
			);
			name = Products;
			sourceTree = "<group>";
		};
		B4DFA16A23ABF6E00020ACD8 /* MyMap */ = {
			isa = PBXGroup;
			children = (
				B4DFA16B23ABF6E00020ACD8 /* AppDelegate.swift */,
				B4DFA16D23ABF6E00020ACD8 /* SceneDelegate.swift */,
				B4DFA16F23ABF6E00020ACD8 /* ViewController.swift */,
				B4DFA17123ABF6E00020ACD8 /* Main.storyboard */,
				B4DFA17423ABF6E70020ACD8 /* Assets.xcassets */,
				B4DFA17623ABF6E70020ACD8 /* LaunchScreen.storyboard */,
				B4DFA17923ABF6E70020ACD8 /* Info.plist */,
			);
			path = MyMap;
			sourceTree = "<group>";
		};
		B4DFA18123ABF6E70020ACD8 /* MyMapTests */ = {
			isa = PBXGroup;
			children = (
				B4DFA18223ABF6E70020ACD8 /* MyMapTests.swift */,
				B4DFA18423ABF6E70020ACD8 /* Info.plist */,
			);
			path = MyMapTests;
			sourceTree = "<group>";
		};
		B4DFA18C23ABF6E80020ACD8 /* MyMapUITests */ = {
			isa = PBXGroup;
			children = (
				B4DFA18D23ABF6E80020ACD8 /* MyMapUITests.swift */,
				B4DFA18F23ABF6E80020ACD8 /* Info.plist */,
			);
			path = MyMapUITests;
			sourceTree = "<group>";
		};
		B4DFA19B23ABF77A0020ACD8 /* Frameworks */ = {
			isa = PBXGroup;
			children = (
				B4DFA19C23ABF77B0020ACD8 /* MapKit.framework */,
			);
			name = Frameworks;
			sourceTree = "<group>";
		};
/* End PBXGroup section */

/* Begin PBXNativeTarget section */
		B4DFA16723ABF6E00020ACD8 /* MyMap */ = {
			isa = PBXNativeTarget;
			buildConfigurationList = B4DFA19223ABF6E80020ACD8 /* Build configuration list for PBXNativeTarget "MyMap" */;
			buildPhases = (
				B4DFA16423ABF6E00020ACD8 /* Sources */,
				B4DFA16523ABF6E00020ACD8 /* Frameworks */,
				B4DFA16623ABF6E00020ACD8 /* Resources */,
			);
			buildRules = (
			);
			dependencies = (
			);
			name = MyMap;
			productName = MyMap;
			productReference = B4DFA16823ABF6E00020ACD8 /* MyMap.app */;
			productType = "com.apple.product-type.application";
		};
		B4DFA17D23ABF6E70020ACD8 /* MyMapTests */ = {
			isa = PBXNativeTarget;
			buildConfigurationList = B4DFA19523ABF6E80020ACD8 /* Build configuration list for PBXNativeTarget "MyMapTests" */;
			buildPhases = (
				B4DFA17A23ABF6E70020ACD8 /* Sources */,
				B4DFA17B23ABF6E70020ACD8 /* Frameworks */,
				B4DFA17C23ABF6E70020ACD8 /* Resources */,
			);
			buildRules = (
			);
			dependencies = (
				B4DFA18023ABF6E70020ACD8 /* PBXTargetDependency */,
			);
			name = MyMapTests;
			productName = MyMapTests;
			productReference = B4DFA17E23ABF6E70020ACD8 /* MyMapTests.xctest */;
			productType = "com.apple.product-type.bundle.unit-test";
		};
		B4DFA18823ABF6E70020ACD8 /* MyMapUITests */ = {
			isa = PBXNativeTarget;
			buildConfigurationList = B4DFA19823ABF6E80020ACD8 /* Build configuration list for PBXNativeTarget "MyMapUITests" */;
			buildPhases = (
				B4DFA18523ABF6E70020ACD8 /* Sources */,
				B4DFA18623ABF6E70020ACD8 /* Frameworks */,
				B4DFA18723ABF6E70020ACD8 /* Resources */,
			);
			buildRules = (
			);
			dependencies = (
				B4DFA18B23ABF6E80020ACD8 /* PBXTargetDependency */,
			);
			name = MyMapUITests;
			productName = MyMapUITests;
			productReference = B4DFA18923ABF6E80020ACD8 /* MyMapUITests.xctest */;
			productType = "com.apple.product-type.bundle.ui-testing";
		};
/* End PBXNativeTarget section */

/* Begin PBXProject section */
		B4DFA16023ABF6E00020ACD8 /* Project object */ = {
			isa = PBXProject;
			attributes = {
				LastSwiftUpdateCheck = 1130;
				LastUpgradeCheck = 1130;
				ORGANIZATIONNAME = "shinta funo";
				TargetAttributes = {
					B4DFA16723ABF6E00020ACD8 = {
						CreatedOnToolsVersion = 11.3;
					};
					B4DFA17D23ABF6E70020ACD8 = {
						CreatedOnToolsVersion = 11.3;
						TestTargetID = B4DFA16723ABF6E00020ACD8;
					};
					B4DFA18823ABF6E70020ACD8 = {
						CreatedOnToolsVersion = 11.3;
						TestTargetID = B4DFA16723ABF6E00020ACD8;
					};
				};
			};
			buildConfigurationList = B4DFA16323ABF6E00020ACD8 /* Build configuration list for PBXProject "MyMap" */;
			compatibilityVersion = "Xcode 9.3";
			developmentRegion = en;
			hasScannedForEncodings = 0;
			knownRegions = (
				en,
				Base,
			);
			mainGroup = B4DFA15F23ABF6E00020ACD8;
			productRefGroup = B4DFA16923ABF6E00020ACD8 /* Products */;
			projectDirPath = "";
			projectRoot = "";
			targets = (
				B4DFA16723ABF6E00020ACD8 /* MyMap */,
				B4DFA17D23ABF6E70020ACD8 /* MyMapTests */,
				B4DFA18823ABF6E70020ACD8 /* MyMapUITests */,
			);
		};
/* End PBXProject section */

/* Begin PBXResourcesBuildPhase section */
		B4DFA16623ABF6E00020ACD8 /* Resources */ = {
			isa = PBXResourcesBuildPhase;
			buildActionMask = 2147483647;
			files = (
				B4DFA17823ABF6E70020ACD8 /* LaunchScreen.storyboard in Resources */,
				B4DFA17523ABF6E70020ACD8 /* Assets.xcassets in Resources */,
				B4DFA17323ABF6E00020ACD8 /* Main.storyboard in Resources */,
			);
			runOnlyForDeploymentPostprocessing = 0;
		};
		B4DFA17C23ABF6E70020ACD8 /* Resources */ = {
			isa = PBXResourcesBuildPhase;
			buildActionMask = 2147483647;
			files = (
			);
			runOnlyForDeploymentPostprocessing = 0;
		};
		B4DFA18723ABF6E70020ACD8 /* Resources */ = {
			isa = PBXResourcesBuildPhase;
			buildActionMask = 2147483647;
			files = (
			);
			runOnlyForDeploymentPostprocessing = 0;
		};
/* End PBXResourcesBuildPhase section */

/* Begin PBXSourcesBuildPhase section */
		B4DFA16423ABF6E00020ACD8 /* Sources */ = {
			isa = PBXSourcesBuildPhase;
			buildActionMask = 2147483647;
			files = (
				B4DFA17023ABF6E00020ACD8 /* ViewController.swift in Sources */,
				B4DFA16C23ABF6E00020ACD8 /* AppDelegate.swift in Sources */,
				B4DFA16E23ABF6E00020ACD8 /* SceneDelegate.swift in Sources */,
			);
			runOnlyForDeploymentPostprocessing = 0;
		};
		B4DFA17A23ABF6E70020ACD8 /* Sources */ = {
			isa = PBXSourcesBuildPhase;
			buildActionMask = 2147483647;
			files = (
				B4DFA18323ABF6E70020ACD8 /* MyMapTests.swift in Sources */,
			);
			runOnlyForDeploymentPostprocessing = 0;
		};
		B4DFA18523ABF6E70020ACD8 /* Sources */ = {
			isa = PBXSourcesBuildPhase;
			buildActionMask = 2147483647;
			files = (
				B4DFA18E23ABF6E80020ACD8 /* MyMapUITests.swift in Sources */,
			);
			runOnlyForDeploymentPostprocessing = 0;
		};
/* End PBXSourcesBuildPhase section */

/* Begin PBXTargetDependency section */
		B4DFA18023ABF6E70020ACD8 /* PBXTargetDependency */ = {
			isa = PBXTargetDependency;
			target = B4DFA16723ABF6E00020ACD8 /* MyMap */;
			targetProxy = B4DFA17F23ABF6E70020ACD8 /* PBXContainerItemProxy */;
		};
		B4DFA18B23ABF6E80020ACD8 /* PBXTargetDependency */ = {
			isa = PBXTargetDependency;
			target = B4DFA16723ABF6E00020ACD8 /* MyMap */;
			targetProxy = B4DFA18A23ABF6E80020ACD8 /* PBXContainerItemProxy */;
		};
/* End PBXTargetDependency section */

/* Begin PBXVariantGroup section */
		B4DFA17123ABF6E00020ACD8 /* Main.storyboard */ = {
			isa = PBXVariantGroup;
			children = (
				B4DFA17223ABF6E00020ACD8 /* Base */,
			);
			name = Main.storyboard;
			sourceTree = "<group>";
		};
		B4DFA17623ABF6E70020ACD8 /* LaunchScreen.storyboard */ = {
			isa = PBXVariantGroup;
			children = (
				B4DFA17723ABF6E70020ACD8 /* Base */,
			);
			name = LaunchScreen.storyboard;
			sourceTree = "<group>";
		};
/* End PBXVariantGroup section */

/* Begin XCBuildConfiguration section */
		B4DFA19023ABF6E80020ACD8 /* Debug */ = {
			isa = XCBuildConfiguration;
			buildSettings = {
				ALWAYS_SEARCH_USER_PATHS = NO;
				CLANG_ANALYZER_NONNULL = YES;
				CLANG_ANALYZER_NUMBER_OBJECT_CONVERSION = YES_AGGRESSIVE;
				CLANG_CXX_LANGUAGE_STANDARD = "gnu++14";
				CLANG_CXX_LIBRARY = "libc++";
				CLANG_ENABLE_MODULES = YES;
				CLANG_ENABLE_OBJC_ARC = YES;
				CLANG_ENABLE_OBJC_WEAK = YES;
				CLANG_WARN_BLOCK_CAPTURE_AUTORELEASING = YES;
				CLANG_WARN_BOOL_CONVERSION = YES;
				CLANG_WARN_COMMA = YES;
				CLANG_WARN_CONSTANT_CONVERSION = YES;
				CLANG_WARN_DEPRECATED_OBJC_IMPLEMENTATIONS = YES;
				CLANG_WARN_DIRECT_OBJC_ISA_USAGE = YES_ERROR;
				CLANG_WARN_DOCUMENTATION_COMMENTS = YES;
				CLANG_WARN_EMPTY_BODY = YES;
				CLANG_WARN_ENUM_CONVERSION = YES;
				CLANG_WARN_INFINITE_RECURSION = YES;
				CLANG_WARN_INT_CONVERSION = YES;
				CLANG_WARN_NON_LITERAL_NULL_CONVERSION = YES;
				CLANG_WARN_OBJC_IMPLICIT_RETAIN_SELF = YES;
				CLANG_WARN_OBJC_LITERAL_CONVERSION = YES;
				CLANG_WARN_OBJC_ROOT_CLASS = YES_ERROR;
				CLANG_WARN_RANGE_LOOP_ANALYSIS = YES;
				CLANG_WARN_STRICT_PROTOTYPES = YES;
				CLANG_WARN_SUSPICIOUS_MOVE = YES;
				CLANG_WARN_UNGUARDED_AVAILABILITY = YES_AGGRESSIVE;
				CLANG_WARN_UNREACHABLE_CODE = YES;
				CLANG_WARN__DUPLICATE_METHOD_MATCH = YES;
				COPY_PHASE_STRIP = NO;
				DEBUG_INFORMATION_FORMAT = dwarf;
				ENABLE_STRICT_OBJC_MSGSEND = YES;
				ENABLE_TESTABILITY = YES;
				GCC_C_LANGUAGE_STANDARD = gnu11;
				GCC_DYNAMIC_NO_PIC = NO;
				GCC_NO_COMMON_BLOCKS = YES;
				GCC_OPTIMIZATION_LEVEL = 0;
				GCC_PREPROCESSOR_DEFINITIONS = (
					"DEBUG=1",
					"$(inherited)",
				);
				GCC_WARN_64_TO_32_BIT_CONVERSION = YES;
				GCC_WARN_ABOUT_RETURN_TYPE = YES_ERROR;
				GCC_WARN_UNDECLARED_SELECTOR = YES;
				GCC_WARN_UNINITIALIZED_AUTOS = YES_AGGRESSIVE;
				GCC_WARN_UNUSED_FUNCTION = YES;
				GCC_WARN_UNUSED_VARIABLE = YES;
				IPHONEOS_DEPLOYMENT_TARGET = 13.2;
				MTL_ENABLE_DEBUG_INFO = INCLUDE_SOURCE;
				MTL_FAST_MATH = YES;
				ONLY_ACTIVE_ARCH = YES;
				SDKROOT = iphoneos;
				SWIFT_ACTIVE_COMPILATION_CONDITIONS = DEBUG;
				SWIFT_OPTIMIZATION_LEVEL = "-Onone";
			};
			name = Debug;
		};
		B4DFA19123ABF6E80020ACD8 /* Release */ = {
			isa = XCBuildConfiguration;
			buildSettings = {
				ALWAYS_SEARCH_USER_PATHS = NO;
				CLANG_ANALYZER_NONNULL = YES;
				CLANG_ANALYZER_NUMBER_OBJECT_CONVERSION = YES_AGGRESSIVE;
				CLANG_CXX_LANGUAGE_STANDARD = "gnu++14";
				CLANG_CXX_LIBRARY = "libc++";
				CLANG_ENABLE_MODULES = YES;
				CLANG_ENABLE_OBJC_ARC = YES;
				CLANG_ENABLE_OBJC_WEAK = YES;
				CLANG_WARN_BLOCK_CAPTURE_AUTORELEASING = YES;
				CLANG_WARN_BOOL_CONVERSION = YES;
				CLANG_WARN_COMMA = YES;
				CLANG_WARN_CONSTANT_CONVERSION = YES;
				CLANG_WARN_DEPRECATED_OBJC_IMPLEMENTATIONS = YES;
				CLANG_WARN_DIRECT_OBJC_ISA_USAGE = YES_ERROR;
				CLANG_WARN_DOCUMENTATION_COMMENTS = YES;
				CLANG_WARN_EMPTY_BODY = YES;
				CLANG_WARN_ENUM_CONVERSION = YES;
				CLANG_WARN_INFINITE_RECURSION = YES;
				CLANG_WARN_INT_CONVERSION = YES;
				CLANG_WARN_NON_LITERAL_NULL_CONVERSION = YES;
				CLANG_WARN_OBJC_IMPLICIT_RETAIN_SELF = YES;
				CLANG_WARN_OBJC_LITERAL_CONVERSION = YES;
				CLANG_WARN_OBJC_ROOT_CLASS = YES_ERROR;
				CLANG_WARN_RANGE_LOOP_ANALYSIS = YES;
				CLANG_WARN_STRICT_PROTOTYPES = YES;
				CLANG_WARN_SUSPICIOUS_MOVE = YES;
				CLANG_WARN_UNGUARDED_AVAILABILITY = YES_AGGRESSIVE;
				CLANG_WARN_UNREACHABLE_CODE = YES;
				CLANG_WARN__DUPLICATE_METHOD_MATCH = YES;
				COPY_PHASE_STRIP = NO;
				DEBUG_INFORMATION_FORMAT = "dwarf-with-dsym";
				ENABLE_NS_ASSERTIONS = NO;
				ENABLE_STRICT_OBJC_MSGSEND = YES;
				GCC_C_LANGUAGE_STANDARD = gnu11;
				GCC_NO_COMMON_BLOCKS = YES;
				GCC_WARN_64_TO_32_BIT_CONVERSION = YES;
				GCC_WARN_ABOUT_RETURN_TYPE = YES_ERROR;
				GCC_WARN_UNDECLARED_SELECTOR = YES;
				GCC_WARN_UNINITIALIZED_AUTOS = YES_AGGRESSIVE;
				GCC_WARN_UNUSED_FUNCTION = YES;
				GCC_WARN_UNUSED_VARIABLE = YES;
				IPHONEOS_DEPLOYMENT_TARGET = 13.2;
				MTL_ENABLE_DEBUG_INFO = NO;
				MTL_FAST_MATH = YES;
				SDKROOT = iphoneos;
				SWIFT_COMPILATION_MODE = wholemodule;
				SWIFT_OPTIMIZATION_LEVEL = "-O";
				VALIDATE_PRODUCT = YES;
			};
			name = Release;
		};
		B4DFA19323ABF6E80020ACD8 /* Debug */ = {
			isa = XCBuildConfiguration;
			buildSettings = {
				ASSETCATALOG_COMPILER_APPICON_NAME = AppIcon;
				CODE_SIGN_STYLE = Automatic;
				INFOPLIST_FILE = MyMap/Info.plist;
				LD_RUNPATH_SEARCH_PATHS = (
					"$(inherited)",
					"@executable_path/Frameworks",
				);
				PRODUCT_BUNDLE_IDENTIFIER = com.MyMap;
				PRODUCT_NAME = "$(TARGET_NAME)";
				SWIFT_VERSION = 5.0;
				TARGETED_DEVICE_FAMILY = "1,2";
			};
			name = Debug;
		};
		B4DFA19423ABF6E80020ACD8 /* Release */ = {
			isa = XCBuildConfiguration;
			buildSettings = {
				ASSETCATALOG_COMPILER_APPICON_NAME = AppIcon;
				CODE_SIGN_STYLE = Automatic;
				INFOPLIST_FILE = MyMap/Info.plist;
				LD_RUNPATH_SEARCH_PATHS = (
					"$(inherited)",
					"@executable_path/Frameworks",
				);
				PRODUCT_BUNDLE_IDENTIFIER = com.MyMap;
				PRODUCT_NAME = "$(TARGET_NAME)";
				SWIFT_VERSION = 5.0;
				TARGETED_DEVICE_FAMILY = "1,2";
			};
			name = Release;
		};
		B4DFA19623ABF6E80020ACD8 /* Debug */ = {
			isa = XCBuildConfiguration;
			buildSettings = {
				ALWAYS_EMBED_SWIFT_STANDARD_LIBRARIES = YES;
				BUNDLE_LOADER = "$(TEST_HOST)";
				CODE_SIGN_STYLE = Automatic;
				INFOPLIST_FILE = MyMapTests/Info.plist;
				IPHONEOS_DEPLOYMENT_TARGET = 13.2;
				LD_RUNPATH_SEARCH_PATHS = (
					"$(inherited)",
					"@executable_path/Frameworks",
					"@loader_path/Frameworks",
				);
				PRODUCT_BUNDLE_IDENTIFIER = com.MyMapTests;
				PRODUCT_NAME = "$(TARGET_NAME)";
				SWIFT_VERSION = 5.0;
				TARGETED_DEVICE_FAMILY = "1,2";
				TEST_HOST = "$(BUILT_PRODUCTS_DIR)/MyMap.app/MyMap";
			};
			name = Debug;
		};
		B4DFA19723ABF6E80020ACD8 /* Release */ = {
			isa = XCBuildConfiguration;
			buildSettings = {
				ALWAYS_EMBED_SWIFT_STANDARD_LIBRARIES = YES;
				BUNDLE_LOADER = "$(TEST_HOST)";
				CODE_SIGN_STYLE = Automatic;
				INFOPLIST_FILE = MyMapTests/Info.plist;
				IPHONEOS_DEPLOYMENT_TARGET = 13.2;
				LD_RUNPATH_SEARCH_PATHS = (
					"$(inherited)",
					"@executable_path/Frameworks",
					"@loader_path/Frameworks",
				);
				PRODUCT_BUNDLE_IDENTIFIER = com.MyMapTests;
				PRODUCT_NAME = "$(TARGET_NAME)";
				SWIFT_VERSION = 5.0;
				TARGETED_DEVICE_FAMILY = "1,2";
				TEST_HOST = "$(BUILT_PRODUCTS_DIR)/MyMap.app/MyMap";
			};
			name = Release;
		};
		B4DFA19923ABF6E80020ACD8 /* Debug */ = {
			isa = XCBuildConfiguration;
			buildSettings = {
				ALWAYS_EMBED_SWIFT_STANDARD_LIBRARIES = YES;
				CODE_SIGN_STYLE = Automatic;
				INFOPLIST_FILE = MyMapUITests/Info.plist;
				LD_RUNPATH_SEARCH_PATHS = (
					"$(inherited)",
					"@executable_path/Frameworks",
					"@loader_path/Frameworks",
				);
				PRODUCT_BUNDLE_IDENTIFIER = com.MyMapUITests;
				PRODUCT_NAME = "$(TARGET_NAME)";
				SWIFT_VERSION = 5.0;
				TARGETED_DEVICE_FAMILY = "1,2";
				TEST_TARGET_NAME = MyMap;
			};
			name = Debug;
		};
		B4DFA19A23ABF6E80020ACD8 /* Release */ = {
			isa = XCBuildConfiguration;
			buildSettings = {
				ALWAYS_EMBED_SWIFT_STANDARD_LIBRARIES = YES;
				CODE_SIGN_STYLE = Automatic;
				INFOPLIST_FILE = MyMapUITests/Info.plist;
				LD_RUNPATH_SEARCH_PATHS = (
					"$(inherited)",
					"@executable_path/Frameworks",
					"@loader_path/Frameworks",
				);
				PRODUCT_BUNDLE_IDENTIFIER = com.MyMapUITests;
				PRODUCT_NAME = "$(TARGET_NAME)";
				SWIFT_VERSION = 5.0;
				TARGETED_DEVICE_FAMILY = "1,2";
				TEST_TARGET_NAME = MyMap;
			};
			name = Release;
		};
/* End XCBuildConfiguration section */

/* Begin XCConfigurationList section */
		B4DFA16323ABF6E00020ACD8 /* Build configuration list for PBXProject "MyMap" */ = {
			isa = XCConfigurationList;
			buildConfigurations = (
				B4DFA19023ABF6E80020ACD8 /* Debug */,
				B4DFA19123ABF6E80020ACD8 /* Release */,
			);
			defaultConfigurationIsVisible = 0;
			defaultConfigurationName = Release;
		};
		B4DFA19223ABF6E80020ACD8 /* Build configuration list for PBXNativeTarget "MyMap" */ = {
			isa = XCConfigurationList;
			buildConfigurations = (
				B4DFA19323ABF6E80020ACD8 /* Debug */,
				B4DFA19423ABF6E80020ACD8 /* Release */,
			);
			defaultConfigurationIsVisible = 0;
			defaultConfigurationName = Release;
		};
		B4DFA19523ABF6E80020ACD8 /* Build configuration list for PBXNativeTarget "MyMapTests" */ = {
			isa = XCConfigurationList;
			buildConfigurations = (
				B4DFA19623ABF6E80020ACD8 /* Debug */,
				B4DFA19723ABF6E80020ACD8 /* Release */,
			);
			defaultConfigurationIsVisible = 0;
			defaultConfigurationName = Release;
		};
		B4DFA19823ABF6E80020ACD8 /* Build configuration list for PBXNativeTarget "MyMapUITests" */ = {
			isa = XCConfigurationList;
			buildConfigurations = (
				B4DFA19923ABF6E80020ACD8 /* Debug */,
				B4DFA19A23ABF6E80020ACD8 /* Release */,
			);
			defaultConfigurationIsVisible = 0;
			defaultConfigurationName = Release;
		};
/* End XCConfigurationList section */
	};
	rootObject = B4DFA16023ABF6E00020ACD8 /* Project object */;
}
