// !$*UTF8*$!
{
	archiveVersion = 1;
	classes = {
	};
	objectVersion = 50;
	objects = {

/* Begin PBXBuildFile section */
		B4E5BA2523ABFB3D00AB1F77 /* AppDelegate.swift in Sources */ = {isa = PBXBuildFile; fileRef = B4E5BA2423ABFB3D00AB1F77 /* AppDelegate.swift */; };
		B4E5BA2723ABFB3D00AB1F77 /* SceneDelegate.swift in Sources */ = {isa = PBXBuildFile; fileRef = B4E5BA2623ABFB3D00AB1F77 /* SceneDelegate.swift */; };
		B4E5BA2923ABFB3D00AB1F77 /* ViewController.swift in Sources */ = {isa = PBXBuildFile; fileRef = B4E5BA2823ABFB3D00AB1F77 /* ViewController.swift */; };
		B4E5BA2C23ABFB3D00AB1F77 /* Main.storyboard in Resources */ = {isa = PBXBuildFile; fileRef = B4E5BA2A23ABFB3D00AB1F77 /* Main.storyboard */; };
		B4E5BA2E23ABFB3D00AB1F77 /* Assets.xcassets in Resources */ = {isa = PBXBuildFile; fileRef = B4E5BA2D23ABFB3D00AB1F77 /* Assets.xcassets */; };
		B4E5BA3123ABFB3E00AB1F77 /* LaunchScreen.storyboard in Resources */ = {isa = PBXBuildFile; fileRef = B4E5BA2F23ABFB3E00AB1F77 /* LaunchScreen.storyboard */; };
		B4E5BA3C23ABFB3E00AB1F77 /* MyMap_searchTests.swift in Sources */ = {isa = PBXBuildFile; fileRef = B4E5BA3B23ABFB3E00AB1F77 /* MyMap_searchTests.swift */; };
		B4E5BA4723ABFB3E00AB1F77 /* MyMap_searchUITests.swift in Sources */ = {isa = PBXBuildFile; fileRef = B4E5BA4623ABFB3E00AB1F77 /* MyMap_searchUITests.swift */; };
/* End PBXBuildFile section */

/* Begin PBXContainerItemProxy section */
		B4E5BA3823ABFB3E00AB1F77 /* PBXContainerItemProxy */ = {
			isa = PBXContainerItemProxy;
			containerPortal = B4E5BA1923ABFB3D00AB1F77 /* Project object */;
			proxyType = 1;
			remoteGlobalIDString = B4E5BA2023ABFB3D00AB1F77;
			remoteInfo = MyMap_search;
		};
		B4E5BA4323ABFB3E00AB1F77 /* PBXContainerItemProxy */ = {
			isa = PBXContainerItemProxy;
			containerPortal = B4E5BA1923ABFB3D00AB1F77 /* Project object */;
			proxyType = 1;
			remoteGlobalIDString = B4E5BA2023ABFB3D00AB1F77;
			remoteInfo = MyMap_search;
		};
/* End PBXContainerItemProxy section */

/* Begin PBXFileReference section */
		B4E5BA2123ABFB3D00AB1F77 /* MyMap_search.app */ = {isa = PBXFileReference; explicitFileType = wrapper.application; includeInIndex = 0; path = MyMap_search.app; sourceTree = BUILT_PRODUCTS_DIR; };
		B4E5BA2423ABFB3D00AB1F77 /* AppDelegate.swift */ = {isa = PBXFileReference; lastKnownFileType = sourcecode.swift; path = AppDelegate.swift; sourceTree = "<group>"; };
		B4E5BA2623ABFB3D00AB1F77 /* SceneDelegate.swift */ = {isa = PBXFileReference; lastKnownFileType = sourcecode.swift; path = SceneDelegate.swift; sourceTree = "<group>"; };
		B4E5BA2823ABFB3D00AB1F77 /* ViewController.swift */ = {isa = PBXFileReference; lastKnownFileType = sourcecode.swift; path = ViewController.swift; sourceTree = "<group>"; };
		B4E5BA2B23ABFB3D00AB1F77 /* Base */ = {isa = PBXFileReference; lastKnownFileType = file.storyboard; name = Base; path = Base.lproj/Main.storyboard; sourceTree = "<group>"; };
		B4E5BA2D23ABFB3D00AB1F77 /* Assets.xcassets */ = {isa = PBXFileReference; lastKnownFileType = folder.assetcatalog; path = Assets.xcassets; sourceTree = "<group>"; };
		B4E5BA3023ABFB3E00AB1F77 /* Base */ = {isa = PBXFileReference; lastKnownFileType = file.storyboard; name = Base; path = Base.lproj/LaunchScreen.storyboard; sourceTree = "<group>"; };
		B4E5BA3223ABFB3E00AB1F77 /* Info.plist */ = {isa = PBXFileReference; lastKnownFileType = text.plist.xml; path = Info.plist; sourceTree = "<group>"; };
		B4E5BA3723ABFB3E00AB1F77 /* MyMap_searchTests.xctest */ = {isa = PBXFileReference; explicitFileType = wrapper.cfbundle; includeInIndex = 0; path = MyMap_searchTests.xctest; sourceTree = BUILT_PRODUCTS_DIR; };
		B4E5BA3B23ABFB3E00AB1F77 /* MyMap_searchTests.swift */ = {isa = PBXFileReference; lastKnownFileType = sourcecode.swift; path = MyMap_searchTests.swift; sourceTree = "<group>"; };
		B4E5BA3D23ABFB3E00AB1F77 /* Info.plist */ = {isa = PBXFileReference; lastKnownFileType = text.plist.xml; path = Info.plist; sourceTree = "<group>"; };
		B4E5BA4223ABFB3E00AB1F77 /* MyMap_searchUITests.xctest */ = {isa = PBXFileReference; explicitFileType = wrapper.cfbundle; includeInIndex = 0; path = MyMap_searchUITests.xctest; sourceTree = BUILT_PRODUCTS_DIR; };
		B4E5BA4623ABFB3E00AB1F77 /* MyMap_searchUITests.swift */ = {isa = PBXFileReference; lastKnownFileType = sourcecode.swift; path = MyMap_searchUITests.swift; sourceTree = "<group>"; };
		B4E5BA4823ABFB3E00AB1F77 /* Info.plist */ = {isa = PBXFileReference; lastKnownFileType = text.plist.xml; path = Info.plist; sourceTree = "<group>"; };
/* End PBXFileReference section */

/* Begin PBXFrameworksBuildPhase section */
		B4E5BA1E23ABFB3D00AB1F77 /* Frameworks */ = {
			isa = PBXFrameworksBuildPhase;
			buildActionMask = 2147483647;
			files = (
			);
			runOnlyForDeploymentPostprocessing = 0;
		};
		B4E5BA3423ABFB3E00AB1F77 /* Frameworks */ = {
			isa = PBXFrameworksBuildPhase;
			buildActionMask = 2147483647;
			files = (
			);
			runOnlyForDeploymentPostprocessing = 0;
		};
		B4E5BA3F23ABFB3E00AB1F77 /* Frameworks */ = {
			isa = PBXFrameworksBuildPhase;
			buildActionMask = 2147483647;
			files = (
			);
			runOnlyForDeploymentPostprocessing = 0;
		};
/* End PBXFrameworksBuildPhase section */

/* Begin PBXGroup section */
		B4E5BA1823ABFB3D00AB1F77 = {
			isa = PBXGroup;
			children = (
				B4E5BA2323ABFB3D00AB1F77 /* MyMap_search */,
				B4E5BA3A23ABFB3E00AB1F77 /* MyMap_searchTests */,
				B4E5BA4523ABFB3E00AB1F77 /* MyMap_searchUITests */,
				B4E5BA2223ABFB3D00AB1F77 /* Products */,
			);
			sourceTree = "<group>";
		};
		B4E5BA2223ABFB3D00AB1F77 /* Products */ = {
			isa = PBXGroup;
			children = (
				B4E5BA2123ABFB3D00AB1F77 /* MyMap_search.app */,
				B4E5BA3723ABFB3E00AB1F77 /* MyMap_searchTests.xctest */,
				B4E5BA4223ABFB3E00AB1F77 /* MyMap_searchUITests.xctest */,
			);
			name = Products;
			sourceTree = "<group>";
		};
		B4E5BA2323ABFB3D00AB1F77 /* MyMap_search */ = {
			isa = PBXGroup;
			children = (
				B4E5BA2423ABFB3D00AB1F77 /* AppDelegate.swift */,
				B4E5BA2623ABFB3D00AB1F77 /* SceneDelegate.swift */,
				B4E5BA2823ABFB3D00AB1F77 /* ViewController.swift */,
				B4E5BA2A23ABFB3D00AB1F77 /* Main.storyboard */,
				B4E5BA2D23ABFB3D00AB1F77 /* Assets.xcassets */,
				B4E5BA2F23ABFB3E00AB1F77 /* LaunchScreen.storyboard */,
				B4E5BA3223ABFB3E00AB1F77 /* Info.plist */,
			);
			path = MyMap_search;
			sourceTree = "<group>";
		};
		B4E5BA3A23ABFB3E00AB1F77 /* MyMap_searchTests */ = {
			isa = PBXGroup;
			children = (
				B4E5BA3B23ABFB3E00AB1F77 /* MyMap_searchTests.swift */,
				B4E5BA3D23ABFB3E00AB1F77 /* Info.plist */,
			);
			path = MyMap_searchTests;
			sourceTree = "<group>";
		};
		B4E5BA4523ABFB3E00AB1F77 /* MyMap_searchUITests */ = {
			isa = PBXGroup;
			children = (
				B4E5BA4623ABFB3E00AB1F77 /* MyMap_searchUITests.swift */,
				B4E5BA4823ABFB3E00AB1F77 /* Info.plist */,
			);
			path = MyMap_searchUITests;
			sourceTree = "<group>";
		};
/* End PBXGroup section */

/* Begin PBXNativeTarget section */
		B4E5BA2023ABFB3D00AB1F77 /* MyMap_search */ = {
			isa = PBXNativeTarget;
			buildConfigurationList = B4E5BA4B23ABFB3E00AB1F77 /* Build configuration list for PBXNativeTarget "MyMap_search" */;
			buildPhases = (
				B4E5BA1D23ABFB3D00AB1F77 /* Sources */,
				B4E5BA1E23ABFB3D00AB1F77 /* Frameworks */,
				B4E5BA1F23ABFB3D00AB1F77 /* Resources */,
			);
			buildRules = (
			);
			dependencies = (
			);
			name = MyMap_search;
			productName = MyMap_search;
			productReference = B4E5BA2123ABFB3D00AB1F77 /* MyMap_search.app */;
			productType = "com.apple.product-type.application";
		};
		B4E5BA3623ABFB3E00AB1F77 /* MyMap_searchTests */ = {
			isa = PBXNativeTarget;
			buildConfigurationList = B4E5BA4E23ABFB3E00AB1F77 /* Build configuration list for PBXNativeTarget "MyMap_searchTests" */;
			buildPhases = (
				B4E5BA3323ABFB3E00AB1F77 /* Sources */,
				B4E5BA3423ABFB3E00AB1F77 /* Frameworks */,
				B4E5BA3523ABFB3E00AB1F77 /* Resources */,
			);
			buildRules = (
			);
			dependencies = (
				B4E5BA3923ABFB3E00AB1F77 /* PBXTargetDependency */,
			);
			name = MyMap_searchTests;
			productName = MyMap_searchTests;
			productReference = B4E5BA3723ABFB3E00AB1F77 /* MyMap_searchTests.xctest */;
			productType = "com.apple.product-type.bundle.unit-test";
		};
		B4E5BA4123ABFB3E00AB1F77 /* MyMap_searchUITests */ = {
			isa = PBXNativeTarget;
			buildConfigurationList = B4E5BA5123ABFB3E00AB1F77 /* Build configuration list for PBXNativeTarget "MyMap_searchUITests" */;
			buildPhases = (
				B4E5BA3E23ABFB3E00AB1F77 /* Sources */,
				B4E5BA3F23ABFB3E00AB1F77 /* Frameworks */,
				B4E5BA4023ABFB3E00AB1F77 /* Resources */,
			);
			buildRules = (
			);
			dependencies = (
				B4E5BA4423ABFB3E00AB1F77 /* PBXTargetDependency */,
			);
			name = MyMap_searchUITests;
			productName = MyMap_searchUITests;
			productReference = B4E5BA4223ABFB3E00AB1F77 /* MyMap_searchUITests.xctest */;
			productType = "com.apple.product-type.bundle.ui-testing";
		};
/* End PBXNativeTarget section */

/* Begin PBXProject section */
		B4E5BA1923ABFB3D00AB1F77 /* Project object */ = {
			isa = PBXProject;
			attributes = {
				LastSwiftUpdateCheck = 1130;
				LastUpgradeCheck = 1130;
				ORGANIZATIONNAME = "shinta funo";
				TargetAttributes = {
					B4E5BA2023ABFB3D00AB1F77 = {
						CreatedOnToolsVersion = 11.3;
					};
					B4E5BA3623ABFB3E00AB1F77 = {
						CreatedOnToolsVersion = 11.3;
						TestTargetID = B4E5BA2023ABFB3D00AB1F77;
					};
					B4E5BA4123ABFB3E00AB1F77 = {
						CreatedOnToolsVersion = 11.3;
						TestTargetID = B4E5BA2023ABFB3D00AB1F77;
					};
				};
			};
			buildConfigurationList = B4E5BA1C23ABFB3D00AB1F77 /* Build configuration list for PBXProject "MyMap_search" */;
			compatibilityVersion = "Xcode 9.3";
			developmentRegion = en;
			hasScannedForEncodings = 0;
			knownRegions = (
				en,
				Base,
			);
			mainGroup = B4E5BA1823ABFB3D00AB1F77;
			productRefGroup = B4E5BA2223ABFB3D00AB1F77 /* Products */;
			projectDirPath = "";
			projectRoot = "";
			targets = (
				B4E5BA2023ABFB3D00AB1F77 /* MyMap_search */,
				B4E5BA3623ABFB3E00AB1F77 /* MyMap_searchTests */,
				B4E5BA4123ABFB3E00AB1F77 /* MyMap_searchUITests */,
			);
		};
/* End PBXProject section */

/* Begin PBXResourcesBuildPhase section */
		B4E5BA1F23ABFB3D00AB1F77 /* Resources */ = {
			isa = PBXResourcesBuildPhase;
			buildActionMask = 2147483647;
			files = (
				B4E5BA3123ABFB3E00AB1F77 /* LaunchScreen.storyboard in Resources */,
				B4E5BA2E23ABFB3D00AB1F77 /* Assets.xcassets in Resources */,
				B4E5BA2C23ABFB3D00AB1F77 /* Main.storyboard in Resources */,
			);
			runOnlyForDeploymentPostprocessing = 0;
		};
		B4E5BA3523ABFB3E00AB1F77 /* Resources */ = {
			isa = PBXResourcesBuildPhase;
			buildActionMask = 2147483647;
			files = (
			);
			runOnlyForDeploymentPostprocessing = 0;
		};
		B4E5BA4023ABFB3E00AB1F77 /* Resources */ = {
			isa = PBXResourcesBuildPhase;
			buildActionMask = 2147483647;
			files = (
			);
			runOnlyForDeploymentPostprocessing = 0;
		};
/* End PBXResourcesBuildPhase section */

/* Begin PBXSourcesBuildPhase section */
		B4E5BA1D23ABFB3D00AB1F77 /* Sources */ = {
			isa = PBXSourcesBuildPhase;
			buildActionMask = 2147483647;
			files = (
				B4E5BA2923ABFB3D00AB1F77 /* ViewController.swift in Sources */,
				B4E5BA2523ABFB3D00AB1F77 /* AppDelegate.swift in Sources */,
				B4E5BA2723ABFB3D00AB1F77 /* SceneDelegate.swift in Sources */,
			);
			runOnlyForDeploymentPostprocessing = 0;
		};
		B4E5BA3323ABFB3E00AB1F77 /* Sources */ = {
			isa = PBXSourcesBuildPhase;
			buildActionMask = 2147483647;
			files = (
				B4E5BA3C23ABFB3E00AB1F77 /* MyMap_searchTests.swift in Sources */,
			);
			runOnlyForDeploymentPostprocessing = 0;
		};
		B4E5BA3E23ABFB3E00AB1F77 /* Sources */ = {
			isa = PBXSourcesBuildPhase;
			buildActionMask = 2147483647;
			files = (
				B4E5BA4723ABFB3E00AB1F77 /* MyMap_searchUITests.swift in Sources */,
			);
			runOnlyForDeploymentPostprocessing = 0;
		};
/* End PBXSourcesBuildPhase section */

/* Begin PBXTargetDependency section */
		B4E5BA3923ABFB3E00AB1F77 /* PBXTargetDependency */ = {
			isa = PBXTargetDependency;
			target = B4E5BA2023ABFB3D00AB1F77 /* MyMap_search */;
			targetProxy = B4E5BA3823ABFB3E00AB1F77 /* PBXContainerItemProxy */;
		};
		B4E5BA4423ABFB3E00AB1F77 /* PBXTargetDependency */ = {
			isa = PBXTargetDependency;
			target = B4E5BA2023ABFB3D00AB1F77 /* MyMap_search */;
			targetProxy = B4E5BA4323ABFB3E00AB1F77 /* PBXContainerItemProxy */;
		};
/* End PBXTargetDependency section */

/* Begin PBXVariantGroup section */
		B4E5BA2A23ABFB3D00AB1F77 /* Main.storyboard */ = {
			isa = PBXVariantGroup;
			children = (
				B4E5BA2B23ABFB3D00AB1F77 /* Base */,
			);
			name = Main.storyboard;
			sourceTree = "<group>";
		};
		B4E5BA2F23ABFB3E00AB1F77 /* LaunchScreen.storyboard */ = {
			isa = PBXVariantGroup;
			children = (
				B4E5BA3023ABFB3E00AB1F77 /* Base */,
			);
			name = LaunchScreen.storyboard;
			sourceTree = "<group>";
		};
/* End PBXVariantGroup section */

/* Begin XCBuildConfiguration section */
		B4E5BA4923ABFB3E00AB1F77 /* Debug */ = {
			isa = XCBuildConfiguration;
			buildSettings = {
				ALWAYS_SEARCH_USER_PATHS = NO;
				CLANG_ANALYZER_NONNULL = YES;
				CLANG_ANALYZER_NUMBER_OBJECT_CONVERSION = YES_AGGRESSIVE;
				CLANG_CXX_LANGUAGE_STANDARD = "gnu++14";
				CLANG_CXX_LIBRARY = "libc++";
				CLANG_ENABLE_MODULES = YES;
				CLANG_ENABLE_OBJC_ARC = YES;
				CLANG_ENABLE_OBJC_WEAK = YES;
				CLANG_WARN_BLOCK_CAPTURE_AUTORELEASING = YES;
				CLANG_WARN_BOOL_CONVERSION = YES;
				CLANG_WARN_COMMA = YES;
				CLANG_WARN_CONSTANT_CONVERSION = YES;
				CLANG_WARN_DEPRECATED_OBJC_IMPLEMENTATIONS = YES;
				CLANG_WARN_DIRECT_OBJC_ISA_USAGE = YES_ERROR;
				CLANG_WARN_DOCUMENTATION_COMMENTS = YES;
				CLANG_WARN_EMPTY_BODY = YES;
				CLANG_WARN_ENUM_CONVERSION = YES;
				CLANG_WARN_INFINITE_RECURSION = YES;
				CLANG_WARN_INT_CONVERSION = YES;
				CLANG_WARN_NON_LITERAL_NULL_CONVERSION = YES;
				CLANG_WARN_OBJC_IMPLICIT_RETAIN_SELF = YES;
				CLANG_WARN_OBJC_LITERAL_CONVERSION = YES;
				CLANG_WARN_OBJC_ROOT_CLASS = YES_ERROR;
				CLANG_WARN_RANGE_LOOP_ANALYSIS = YES;
				CLANG_WARN_STRICT_PROTOTYPES = YES;
				CLANG_WARN_SUSPICIOUS_MOVE = YES;
				CLANG_WARN_UNGUARDED_AVAILABILITY = YES_AGGRESSIVE;
				CLANG_WARN_UNREACHABLE_CODE = YES;
				CLANG_WARN__DUPLICATE_METHOD_MATCH = YES;
				COPY_PHASE_STRIP = NO;
				DEBUG_INFORMATION_FORMAT = dwarf;
				ENABLE_STRICT_OBJC_MSGSEND = YES;
				ENABLE_TESTABILITY = YES;
				GCC_C_LANGUAGE_STANDARD = gnu11;
				GCC_DYNAMIC_NO_PIC = NO;
				GCC_NO_COMMON_BLOCKS = YES;
				GCC_OPTIMIZATION_LEVEL = 0;
				GCC_PREPROCESSOR_DEFINITIONS = (
					"DEBUG=1",
					"$(inherited)",
				);
				GCC_WARN_64_TO_32_BIT_CONVERSION = YES;
				GCC_WARN_ABOUT_RETURN_TYPE = YES_ERROR;
				GCC_WARN_UNDECLARED_SELECTOR = YES;
				GCC_WARN_UNINITIALIZED_AUTOS = YES_AGGRESSIVE;
				GCC_WARN_UNUSED_FUNCTION = YES;
				GCC_WARN_UNUSED_VARIABLE = YES;
				IPHONEOS_DEPLOYMENT_TARGET = 13.2;
				MTL_ENABLE_DEBUG_INFO = INCLUDE_SOURCE;
				MTL_FAST_MATH = YES;
				ONLY_ACTIVE_ARCH = YES;
				SDKROOT = iphoneos;
				SWIFT_ACTIVE_COMPILATION_CONDITIONS = DEBUG;
				SWIFT_OPTIMIZATION_LEVEL = "-Onone";
			};
			name = Debug;
		};
		B4E5BA4A23ABFB3E00AB1F77 /* Release */ = {
			isa = XCBuildConfiguration;
			buildSettings = {
				ALWAYS_SEARCH_USER_PATHS = NO;
				CLANG_ANALYZER_NONNULL = YES;
				CLANG_ANALYZER_NUMBER_OBJECT_CONVERSION = YES_AGGRESSIVE;
				CLANG_CXX_LANGUAGE_STANDARD = "gnu++14";
				CLANG_CXX_LIBRARY = "libc++";
				CLANG_ENABLE_MODULES = YES;
				CLANG_ENABLE_OBJC_ARC = YES;
				CLANG_ENABLE_OBJC_WEAK = YES;
				CLANG_WARN_BLOCK_CAPTURE_AUTORELEASING = YES;
				CLANG_WARN_BOOL_CONVERSION = YES;
				CLANG_WARN_COMMA = YES;
				CLANG_WARN_CONSTANT_CONVERSION = YES;
				CLANG_WARN_DEPRECATED_OBJC_IMPLEMENTATIONS = YES;
				CLANG_WARN_DIRECT_OBJC_ISA_USAGE = YES_ERROR;
				CLANG_WARN_DOCUMENTATION_COMMENTS = YES;
				CLANG_WARN_EMPTY_BODY = YES;
				CLANG_WARN_ENUM_CONVERSION = YES;
				CLANG_WARN_INFINITE_RECURSION = YES;
				CLANG_WARN_INT_CONVERSION = YES;
				CLANG_WARN_NON_LITERAL_NULL_CONVERSION = YES;
				CLANG_WARN_OBJC_IMPLICIT_RETAIN_SELF = YES;
				CLANG_WARN_OBJC_LITERAL_CONVERSION = YES;
				CLANG_WARN_OBJC_ROOT_CLASS = YES_ERROR;
				CLANG_WARN_RANGE_LOOP_ANALYSIS = YES;
				CLANG_WARN_STRICT_PROTOTYPES = YES;
				CLANG_WARN_SUSPICIOUS_MOVE = YES;
				CLANG_WARN_UNGUARDED_AVAILABILITY = YES_AGGRESSIVE;
				CLANG_WARN_UNREACHABLE_CODE = YES;
				CLANG_WARN__DUPLICATE_METHOD_MATCH = YES;
				COPY_PHASE_STRIP = NO;
				DEBUG_INFORMATION_FORMAT = "dwarf-with-dsym";
				ENABLE_NS_ASSERTIONS = NO;
				ENABLE_STRICT_OBJC_MSGSEND = YES;
				GCC_C_LANGUAGE_STANDARD = gnu11;
				GCC_NO_COMMON_BLOCKS = YES;
				GCC_WARN_64_TO_32_BIT_CONVERSION = YES;
				GCC_WARN_ABOUT_RETURN_TYPE = YES_ERROR;
				GCC_WARN_UNDECLARED_SELECTOR = YES;
				GCC_WARN_UNINITIALIZED_AUTOS = YES_AGGRESSIVE;
				GCC_WARN_UNUSED_FUNCTION = YES;
				GCC_WARN_UNUSED_VARIABLE = YES;
				IPHONEOS_DEPLOYMENT_TARGET = 13.2;
				MTL_ENABLE_DEBUG_INFO = NO;
				MTL_FAST_MATH = YES;
				SDKROOT = iphoneos;
				SWIFT_COMPILATION_MODE = wholemodule;
				SWIFT_OPTIMIZATION_LEVEL = "-O";
				VALIDATE_PRODUCT = YES;
			};
			name = Release;
		};
		B4E5BA4C23ABFB3E00AB1F77 /* Debug */ = {
			isa = XCBuildConfiguration;
			buildSettings = {
				ASSETCATALOG_COMPILER_APPICON_NAME = AppIcon;
				CODE_SIGN_STYLE = Automatic;
				INFOPLIST_FILE = MyMap_search/Info.plist;
				LD_RUNPATH_SEARCH_PATHS = (
					"$(inherited)",
					"@executable_path/Frameworks",
				);
				PRODUCT_BUNDLE_IDENTIFIER = "com.MyMap-search";
				PRODUCT_NAME = "$(TARGET_NAME)";
				SWIFT_VERSION = 5.0;
				TARGETED_DEVICE_FAMILY = "1,2";
			};
			name = Debug;
		};
		B4E5BA4D23ABFB3E00AB1F77 /* Release */ = {
			isa = XCBuildConfiguration;
			buildSettings = {
				ASSETCATALOG_COMPILER_APPICON_NAME = AppIcon;
				CODE_SIGN_STYLE = Automatic;
				INFOPLIST_FILE = MyMap_search/Info.plist;
				LD_RUNPATH_SEARCH_PATHS = (
					"$(inherited)",
					"@executable_path/Frameworks",
				);
				PRODUCT_BUNDLE_IDENTIFIER = "com.MyMap-search";
				PRODUCT_NAME = "$(TARGET_NAME)";
				SWIFT_VERSION = 5.0;
				TARGETED_DEVICE_FAMILY = "1,2";
			};
			name = Release;
		};
		B4E5BA4F23ABFB3E00AB1F77 /* Debug */ = {
			isa = XCBuildConfiguration;
			buildSettings = {
				ALWAYS_EMBED_SWIFT_STANDARD_LIBRARIES = YES;
				BUNDLE_LOADER = "$(TEST_HOST)";
				CODE_SIGN_STYLE = Automatic;
				INFOPLIST_FILE = MyMap_searchTests/Info.plist;
				IPHONEOS_DEPLOYMENT_TARGET = 13.2;
				LD_RUNPATH_SEARCH_PATHS = (
					"$(inherited)",
					"@executable_path/Frameworks",
					"@loader_path/Frameworks",
				);
				PRODUCT_BUNDLE_IDENTIFIER = "com.MyMap-searchTests";
				PRODUCT_NAME = "$(TARGET_NAME)";
				SWIFT_VERSION = 5.0;
				TARGETED_DEVICE_FAMILY = "1,2";
				TEST_HOST = "$(BUILT_PRODUCTS_DIR)/MyMap_search.app/MyMap_search";
			};
			name = Debug;
		};
		B4E5BA5023ABFB3E00AB1F77 /* Release */ = {
			isa = XCBuildConfiguration;
			buildSettings = {
				ALWAYS_EMBED_SWIFT_STANDARD_LIBRARIES = YES;
				BUNDLE_LOADER = "$(TEST_HOST)";
				CODE_SIGN_STYLE = Automatic;
				INFOPLIST_FILE = MyMap_searchTests/Info.plist;
				IPHONEOS_DEPLOYMENT_TARGET = 13.2;
				LD_RUNPATH_SEARCH_PATHS = (
					"$(inherited)",
					"@executable_path/Frameworks",
					"@loader_path/Frameworks",
				);
				PRODUCT_BUNDLE_IDENTIFIER = "com.MyMap-searchTests";
				PRODUCT_NAME = "$(TARGET_NAME)";
				SWIFT_VERSION = 5.0;
				TARGETED_DEVICE_FAMILY = "1,2";
				TEST_HOST = "$(BUILT_PRODUCTS_DIR)/MyMap_search.app/MyMap_search";
			};
			name = Release;
		};
		B4E5BA5223ABFB3E00AB1F77 /* Debug */ = {
			isa = XCBuildConfiguration;
			buildSettings = {
				ALWAYS_EMBED_SWIFT_STANDARD_LIBRARIES = YES;
				CODE_SIGN_STYLE = Automatic;
				INFOPLIST_FILE = MyMap_searchUITests/Info.plist;
				LD_RUNPATH_SEARCH_PATHS = (
					"$(inherited)",
					"@executable_path/Frameworks",
					"@loader_path/Frameworks",
				);
				PRODUCT_BUNDLE_IDENTIFIER = "com.MyMap-searchUITests";
				PRODUCT_NAME = "$(TARGET_NAME)";
				SWIFT_VERSION = 5.0;
				TARGETED_DEVICE_FAMILY = "1,2";
				TEST_TARGET_NAME = MyMap_search;
			};
			name = Debug;
		};
		B4E5BA5323ABFB3E00AB1F77 /* Release */ = {
			isa = XCBuildConfiguration;
			buildSettings = {
				ALWAYS_EMBED_SWIFT_STANDARD_LIBRARIES = YES;
				CODE_SIGN_STYLE = Automatic;
				INFOPLIST_FILE = MyMap_searchUITests/Info.plist;
				LD_RUNPATH_SEARCH_PATHS = (
					"$(inherited)",
					"@executable_path/Frameworks",
					"@loader_path/Frameworks",
				);
				PRODUCT_BUNDLE_IDENTIFIER = "com.MyMap-searchUITests";
				PRODUCT_NAME = "$(TARGET_NAME)";
				SWIFT_VERSION = 5.0;
				TARGETED_DEVICE_FAMILY = "1,2";
				TEST_TARGET_NAME = MyMap_search;
			};
			name = Release;
		};
/* End XCBuildConfiguration section */

/* Begin XCConfigurationList section */
		B4E5BA1C23ABFB3D00AB1F77 /* Build configuration list for PBXProject "MyMap_search" */ = {
			isa = XCConfigurationList;
			buildConfigurations = (
				B4E5BA4923ABFB3E00AB1F77 /* Debug */,
				B4E5BA4A23ABFB3E00AB1F77 /* Release */,
			);
			defaultConfigurationIsVisible = 0;
			defaultConfigurationName = Release;
		};
		B4E5BA4B23ABFB3E00AB1F77 /* Build configuration list for PBXNativeTarget "MyMap_search" */ = {
			isa = XCConfigurationList;
			buildConfigurations = (
				B4E5BA4C23ABFB3E00AB1F77 /* Debug */,
				B4E5BA4D23ABFB3E00AB1F77 /* Release */,
			);
			defaultConfigurationIsVisible = 0;
			defaultConfigurationName = Release;
		};
		B4E5BA4E23ABFB3E00AB1F77 /* Build configuration list for PBXNativeTarget "MyMap_searchTests" */ = {
			isa = XCConfigurationList;
			buildConfigurations = (
				B4E5BA4F23ABFB3E00AB1F77 /* Debug */,
				B4E5BA5023ABFB3E00AB1F77 /* Release */,
			);
			defaultConfigurationIsVisible = 0;
			defaultConfigurationName = Release;
		};
		B4E5BA5123ABFB3E00AB1F77 /* Build configuration list for PBXNativeTarget "MyMap_searchUITests" */ = {
			isa = XCConfigurationList;
			buildConfigurations = (
				B4E5BA5223ABFB3E00AB1F77 /* Debug */,
				B4E5BA5323ABFB3E00AB1F77 /* Release */,
			);
			defaultConfigurationIsVisible = 0;
			defaultConfigurationName = Release;
		};
/* End XCConfigurationList section */
	};
	rootObject = B4E5BA1923ABFB3D00AB1F77 /* Project object */;
}
